hash: 20bc3c4f03631d84a9d0bd638a587dac6ae7271b672e9ebb4da63ed70c810411
updated: 2017-01-12T11:15:04.826396741-06:00
imports:
- name: github.com/bmartel/gin-amber
  version: e56fa546587801cf7b5b9d116626e227dcc6703e
- name: github.com/bmartel/zero
  version: 9d61fbf5338e1900c1f090fc70aaae93f3b0e3bd
- name: github.com/boj/redistore
  version: fc113767cd6b051980f260d6dbe84b2740c46ab0
- name: github.com/bradfitz/gomemcache
  version: fb1f79c6b65acda83063cbc69f6bba1522558bfc
  subpackages:
  - memcache
- name: github.com/dchest/uniuri
  version: 8902c56451e9b58ff940bbe5fec35d5f9c04584a
- name: github.com/eknkc/amber
  version: a69a021e158c3b06700cc881c05d0923f627b578
  subpackages:
  - parser
- name: github.com/facebookgo/inject
  version: d5029152fecb2a8e68f7f8eb3c6391fc8ee70496
- name: github.com/facebookgo/structtag
  version: 217e25fb96916cc60332e399c9aa63f5c422ceed
- name: github.com/fsnotify/fsnotify
  version: fd9ec7deca8bf46ecd2a795baaacf2b3a9be1197
- name: github.com/garyburd/redigo
  version: 6ece6e0a09f28cc399b21550cbf37ab39ba63cce
  subpackages:
  - internal
  - redis
- name: github.com/gin-gonic/contrib
  version: 547e518040cfb96576b507d2f26779ab9c6fc829
  subpackages:
  - cache
  - ginrus
  - gzip
  - sessions
- name: github.com/gin-gonic/gin
  version: e2212d40c62a98b388a5eb48ecbdcf88534688ba
  subpackages:
  - binding
  - render
- name: github.com/golang/protobuf
  version: 2402d76f3d41f928c7902a765dfc872356dd3aad
  subpackages:
  - proto
- name: github.com/gorilla/context
  version: 1c83b3eabd45b6d76072b66b746c20815fb2872d
- name: github.com/gorilla/securecookie
  version: e95799a481bbcc3d01c2ad5178524cb8bec9f370
- name: github.com/gorilla/sessions
  version: 3752dbe3d898496114ebb398c8960ff127cbbe93
- name: github.com/hashicorp/hcl
  version: eb6f65b2d77ed5078887f960ff570fbddbbeb49d
  subpackages:
  - hcl/ast
  - hcl/parser
  - hcl/scanner
  - hcl/strconv
  - hcl/token
  - json/parser
  - json/scanner
  - json/token
- name: github.com/magiconair/properties
  version: 00ec919ecb56326853e2c1eee377fa324bc23a79
- name: github.com/manucorporat/sse
  version: ee05b128a739a0fb76c7ebd3ae4810c1de808d6d
- name: github.com/mattn/go-isatty
  version: 56b76bdf51f7708750eac80fa38b952bb9f32639
- name: github.com/mitchellh/mapstructure
  version: bfdb1a85537d60bc7e954e600c250219ea497417
- name: github.com/pelletier/go-buffruneio
  version: df1e16fde7fc330a0ca68167c23bf7ed6ac31d6d
- name: github.com/pelletier/go-toml
  version: 439fbba1f887c286024370cb4f281ba815c4c7d7
- name: github.com/robfig/go-cache
  version: 9fc39e0dbf62c034ec4e45e6120fc69433a3ec51
- name: github.com/Sirupsen/logrus
  version: d26492970760ca5d33129d2d799e34be5c4782eb
- name: github.com/spf13/afero
  version: 72b31426848c6ef12a7a8e216708cb0d1530f074
  subpackages:
  - mem
- name: github.com/spf13/cast
  version: 56a7ecbeb18dde53c6db4bd96b541fd9741b8d44
- name: github.com/spf13/jwalterweatherman
  version: fa7ca7e836cf3a8bb4ebf799f472c12d7e903d66
- name: github.com/spf13/pflag
  version: 25f8b5b07aece3207895bf19f7ab517eb3b22a40
- name: github.com/spf13/viper
  version: 5ed0fc31f7f453625df314d8e66b9791e8d13003
- name: github.com/utrack/gin-csrf
  version: 63c0ef5eca6cc70a0cd93a8b2ca8a9e2b860d155
- name: golang.org/x/net
  version: f315505cf3349909cdf013ea56690da34e96a451
  subpackages:
  - context
- name: golang.org/x/sys
  version: 9bb9f0998d48b31547d975974935ae9b48c7a03c
  subpackages:
  - unix
- name: golang.org/x/text
  version: 44f4f658a783b0cee41fe0a23b8fc91d9c120558
  subpackages:
  - transform
  - unicode/norm
- name: gopkg.in/go-playground/validator.v8
  version: c193cecd124b5cc722d7ee5538e945bdb3348435
- name: gopkg.in/mgo.v2
  version: d90005c5262a3463800497ea5a89aed5fe22c886
  subpackages:
  - bson
  - internal/sasl
  - internal/scram
- name: gopkg.in/yaml.v2
  version: e4d366fc3c7938e2958e662b4258c7a89e1f0e3e
testImports: []
