hash: 242fdddb54bddc3be7ca2954e5e25e9aa258e5121ce54e898454f3d377def849
updated: 2016-05-15T21:24:18.701539302-05:00
imports:
- name: github.com/codegangsta/negroni
  version: dc45282b3653ee198a3c06a82bc7847b03666497
- name: github.com/facebookgo/inject
  version: 643b7206b487b04fbea325cf6e8d06a66f8db772
- name: github.com/facebookgo/structtag
  version: 217e25fb96916cc60332e399c9aa63f5c422ceed
- name: github.com/go-zoo/bone
  version: 2b727a8601bc7a74fac33a9583ebba67779c502d
- name: github.com/goincremental/negroni-sessions
  version: b07e2d18b97e3f627edaa67876c21fa23eba6a08
  subpackages:
  - cookiestore
- name: github.com/gorilla/context
  version: a8d44e7d8e4d532b6a27a02dd82abb31cc1b01bd
- name: github.com/gorilla/csrf
  version: 58276522e5876c9497f406c0212e46f8c7b9999d
- name: github.com/gorilla/securecookie
  version: 667fe4e3466a040b780561fe9b51a83a3753eefc
- name: github.com/gorilla/sessions
  version: a1216e0aed834aa9074063dd4085f5c3df8d1fab
- name: github.com/jinzhu/gorm
  version: 57c72125b3087e1ed02c16f23a1f381cde3aaf2c
  subpackages:
  - dialects/sqlite
- name: github.com/jinzhu/inflection
  version: 3272df6c21d04180007eb3349844c89a3856bc25
- name: github.com/joho/godotenv
  version: 4ed13390c0acd2ff4e371e64d8b97c8954138243
  subpackages:
  - autoload
- name: github.com/mattn/go-sqlite3
  version: 38ee283dabf11c9cbdb968eebd79b1fa7acbabe6
- name: github.com/meatballhat/negroni-logrus
  version: 07babc99e899d3776e7b745d0b4c56680775136a
- name: github.com/phyber/negroni-gzip
  version: 1211b7a0892223f5b3f1af8629ea6c3d9f984028
  subpackages:
  - gzip
- name: github.com/Sirupsen/logrus
  version: cd7d1bbe41066b6c1f19780f895901052150a575
- name: github.com/unrolled/render
  version: 198ad4d8b8a4612176b804ca10555b222a086b40
- name: github.com/unrolled/secure
  version: 4b41e52ab568cbfd31eda3612d98192da1575c77
- name: golang.org/x/sys
  version: f78f5183ff267d751d0af20bbe59158f3e4cd53e
  subpackages:
  - unix
devImports: []
